# THIS IS AN AUTOGENERATED FILE. DO NOT EDIT THIS FILE DIRECTLY.
# yarn lockfile v1


"@ast-grep/napi-darwin-arm64@0.37.0":
  version "0.37.0"
  resolved "https://registry.npmjs.org/@ast-grep/napi-darwin-arm64/-/napi-darwin-arm64-0.37.0.tgz#5cca85937dbe9a75b7e89ddc0cea595111e2d13d"
  integrity sha512-QAiIiaAbLvMEg/yBbyKn+p1gX2/FuaC0SMf7D7capm/oG4xGMzdeaQIcSosF4TCxxV+hIH4Bz9e4/u7w6Bnk3Q==

"@ast-grep/napi-darwin-x64@0.37.0":
  version "0.37.0"
  resolved "https://registry.npmjs.org/@ast-grep/napi-darwin-x64/-/napi-darwin-x64-0.37.0.tgz#433c19fb2584c81b2e04b1900430b7b547908319"
  integrity sha512-zvcvdgekd4ySV3zUbUp8HF5nk5zqwiMXTuVzTUdl/w08O7JjM6XPOIVT+d2o/MqwM9rsXdzdergY5oY2RdhSPA==

"@ast-grep/napi-linux-arm64-gnu@0.37.0":
  version "0.37.0"
  resolved "https://registry.npmjs.org/@ast-grep/napi-linux-arm64-gnu/-/napi-linux-arm64-gnu-0.37.0.tgz#2d7ea5cb97560cb704ff4e73daf5b372335387bf"
  integrity sha512-L7Sj0lXy8X+BqSMgr1LB8cCoWk0rericdeu+dC8/c8zpsav5Oo2IQKY1PmiZ7H8IHoFBbURLf8iklY9wsD+cyA==

"@ast-grep/napi-linux-arm64-musl@0.37.0":
  version "0.37.0"
  resolved "https://registry.npmjs.org/@ast-grep/napi-linux-arm64-musl/-/napi-linux-arm64-musl-0.37.0.tgz#dc35c759c71f9a3431b6d3764ce50074a6071bef"
  integrity sha512-LF9sAvYy6es/OdyJDO3RwkX3I82Vkfsng1sqUBcoWC1jVb1wX5YVzHtpQox9JrEhGl+bNp7FYxB4Qba9OdA5GA==

"@ast-grep/napi-linux-x64-gnu@0.37.0":
  version "0.37.0"
  resolved "https://registry.npmjs.org/@ast-grep/napi-linux-x64-gnu/-/napi-linux-x64-gnu-0.37.0.tgz"
  integrity sha512-TViz5/klqre6aSmJzswEIjApnGjJzstG/SE8VDWsrftMBMYt2PTu3MeluZVwzSqDao8doT/P+6U11dU05UOgxw==

"@ast-grep/napi-linux-x64-musl@0.37.0":
  version "0.37.0"
  resolved "https://registry.npmjs.org/@ast-grep/napi-linux-x64-musl/-/napi-linux-x64-musl-0.37.0.tgz#58f3d2b7461d23b4a998e8122e58705c555fc887"
  integrity sha512-/BcCH33S9E3ovOAEoxYngUNXgb+JLg991sdyiNP2bSoYd30a9RHrG7CYwW6fMgua3ijQ474eV6cq9yZO1bCpXg==

"@ast-grep/napi-win32-arm64-msvc@0.37.0":
  version "0.37.0"
  resolved "https://registry.npmjs.org/@ast-grep/napi-win32-arm64-msvc/-/napi-win32-arm64-msvc-0.37.0.tgz#15f330e317c017acb2d4b7862fe3c2b8c96eea15"
  integrity sha512-TjQA4cFoIEW2bgjLkaL9yqT4XWuuLa5MCNd0VCDhGRDMNQ9+rhwi9eLOWRaap3xzT7g+nlbcEHL3AkVCD2+b3A==

"@ast-grep/napi-win32-ia32-msvc@0.37.0":
  version "0.37.0"
  resolved "https://registry.npmjs.org/@ast-grep/napi-win32-ia32-msvc/-/napi-win32-ia32-msvc-0.37.0.tgz#2fa6802f79c627e59cdd6363f171917b624690f6"
  integrity sha512-uNmVka8fJCdYsyOlF9aZqQMLTatEYBynjChVTzUfFMDfmZ0bihs/YTqJVbkSm8TZM7CUX82apvn50z/dX5iWRA==

"@ast-grep/napi-win32-x64-msvc@0.37.0":
  version "0.37.0"
  resolved "https://registry.npmjs.org/@ast-grep/napi-win32-x64-msvc/-/napi-win32-x64-msvc-0.37.0.tgz#66007757f0831e36f5576839999fbd265210ed64"
  integrity sha512-vCiFOT3hSCQuHHfZ933GAwnPzmL0G04JxQEsBRfqONywyT8bSdDc/ECpAfr3S9VcS4JZ9/F6tkePKW/Om2Dq2g==

"@ast-grep/napi@0.37.0":
  version "0.37.0"
  resolved "https://registry.npmjs.org/@ast-grep/napi/-/napi-0.37.0.tgz#e6a4806dfbbe570f4742fd9d048bdcc87328b29e"
  integrity sha512-Hb4o6h1Pf6yRUAX07DR4JVY7dmQw+RVQMW5/m55GoiAT/VRoKCWBtIUPPOnqDVhbx1Cjfil9b6EDrgJsUAujEQ==
  optionalDependencies:
    "@ast-grep/napi-darwin-arm64" "0.37.0"
    "@ast-grep/napi-darwin-x64" "0.37.0"
    "@ast-grep/napi-linux-arm64-gnu" "0.37.0"
    "@ast-grep/napi-linux-arm64-musl" "0.37.0"
    "@ast-grep/napi-linux-x64-gnu" "0.37.0"
    "@ast-grep/napi-linux-x64-musl" "0.37.0"
    "@ast-grep/napi-win32-arm64-msvc" "0.37.0"
    "@ast-grep/napi-win32-ia32-msvc" "0.37.0"
    "@ast-grep/napi-win32-x64-msvc" "0.37.0"

"@emnapi/core@^1.5.0":
  version "1.7.1"
  resolved "https://registry.npmjs.org/@emnapi/core/-/core-1.7.1.tgz#3a79a02dbc84f45884a1806ebb98e5746bdfaac4"
  integrity sha512-o1uhUASyo921r2XtHYOHy7gdkGLge8ghBEQHMWmyJFoXlpU58kIrhhN3w26lpQb6dspetweapMn2CSNwQ8I4wg==
  dependencies:
    "@emnapi/wasi-threads" "1.1.0"
    tslib "^2.4.0"

"@emnapi/runtime@^1.5.0":
  version "1.7.1"
  resolved "https://registry.npmjs.org/@emnapi/runtime/-/runtime-1.7.1.tgz#a73784e23f5d57287369c808197288b52276b791"
  integrity sha512-PVtJr5CmLwYAU9PZDMITZoR5iAOShYREoR45EyyLrbntV50mdePTgUn4AmOw90Ifcj+x2kRjdzr1HP3RrNiHGA==
  dependencies:
    tslib "^2.4.0"

"@emnapi/wasi-threads@1.1.0":
  version "1.1.0"
  resolved "https://registry.npmjs.org/@emnapi/wasi-threads/-/wasi-threads-1.1.0.tgz#60b2102fddc9ccb78607e4a3cf8403ea69be41bf"
  integrity sha512-WI0DdZ8xFSbgMjR1sFsKABJ/C5OnRrjT06JXbZKexJGrDuPTzZdDYfFlsgcCXCyf+suG5QU2e/y1Wo2V/OapLQ==
  dependencies:
    tslib "^2.4.0"

"@module-federation/error-codes@0.21.4":
  version "0.21.4"
  resolved "https://registry.npmjs.org/@module-federation/error-codes/-/error-codes-0.21.4.tgz#037c15c641e67c2c5465d2d3f442724395691f55"
  integrity sha512-ClpL5MereWNXh+EgDjz7w4RrC1JlisQTvXDa1gLxpviHafzNDfdViVmuhi9xXVuj+EYo8KU70Y999KHhk9424Q==

"@module-federation/runtime-core@0.21.4":
  version "0.21.4"
  resolved "https://registry.npmjs.org/@module-federation/runtime-core/-/runtime-core-0.21.4.tgz#3254ee1be28255f9b115fe02d462672ae0f66584"
  integrity sha512-SGpmoOLGNxZofpTOk6Lxb2ewaoz5wMi93AFYuuJB04HTVcngEK+baNeUZ2D/xewrqNIJoMY6f5maUjVfIIBPUA==
  dependencies:
    "@module-federation/error-codes" "0.21.4"
    "@module-federation/sdk" "0.21.4"

"@module-federation/runtime-tools@0.21.4":
  version "0.21.4"
  resolved "https://registry.npmjs.org/@module-federation/runtime-tools/-/runtime-tools-0.21.4.tgz#dbaf6d0a21ee72fc343f0d9dc50eeabb5fd9f5ba"
  integrity sha512-RzFKaL0DIjSmkn76KZRfzfB6dD07cvID84950jlNQgdyoQFUGkqD80L6rIpVCJTY/R7LzR3aQjHnoqmq4JPo3w==
  dependencies:
    "@module-federation/runtime" "0.21.4"
    "@module-federation/webpack-bundler-runtime" "0.21.4"

"@module-federation/runtime@0.21.4":
  version "0.21.4"
  resolved "https://registry.npmjs.org/@module-federation/runtime/-/runtime-0.21.4.tgz#f07cc2dd9786b26d3af5440793693b953a818b97"
  integrity sha512-wgvGqryurVEvkicufJmTG0ZehynCeNLklv8kIk5BLIsWYSddZAE+xe4xov1kgH5fIJQAoQNkRauFFjVNlHoAkA==
  dependencies:
    "@module-federation/error-codes" "0.21.4"
    "@module-federation/runtime-core" "0.21.4"
    "@module-federation/sdk" "0.21.4"

"@module-federation/sdk@0.21.4":
  version "0.21.4"
  resolved "https://registry.npmjs.org/@module-federation/sdk/-/sdk-0.21.4.tgz#4b4757b527d9a2758d01c5aadec7963348f43385"
  integrity sha512-tzvhOh/oAfX++6zCDDxuvioHY4Jurf8vcfoCbKFxusjmyKr32GPbwFDazUP+OPhYCc3dvaa9oWU6X/qpUBLfJw==

"@module-federation/webpack-bundler-runtime@0.21.4":
  version "0.21.4"
  resolved "https://registry.npmjs.org/@module-federation/webpack-bundler-runtime/-/webpack-bundler-runtime-0.21.4.tgz#d8651c5bb8e7bc999300f32f0e11358a6acd0501"
  integrity sha512-dusmR3uPnQh9u9ChQo3M+GLOuGFthfvnh7WitF/a1eoeTfRmXqnMFsXtZCUK+f/uXf+64874Zj/bhAgbBcVHZA==
  dependencies:
    "@module-federation/runtime" "0.21.4"
    "@module-federation/sdk" "0.21.4"

"@napi-rs/wasm-runtime@1.0.7", "@napi-rs/wasm-runtime@^1.0.7":
  version "1.0.7"
  resolved "https://registry.npmjs.org/@napi-rs/wasm-runtime/-/wasm-runtime-1.0.7.tgz#dcfea99a75f06209a235f3d941e3460a51e9b14c"
  integrity sha512-SeDnOO0Tk7Okiq6DbXmmBODgOAb9dp9gjlphokTUxmt8U3liIP1ZsozBahH69j/RJv+Rfs6IwUKHTgQYJ/HBAw==
  dependencies:
    "@emnapi/core" "^1.5.0"
    "@emnapi/runtime" "^1.5.0"
    "@tybys/wasm-util" "^0.10.1"

"@nodelib/fs.scandir@2.1.5":
  version "2.1.5"
  resolved "https://registry.npmjs.org/@nodelib/fs.scandir/-/fs.scandir-2.1.5.tgz"
  integrity sha512-vq24Bq3ym5HEQm2NKCr3yXDwjc7vTsEThRDnkp2DK9p1uqLR+DHurm/NOTo0KG7HYHU7eppKZj3MyqYuMBf62g==
  dependencies:
    "@nodelib/fs.stat" "2.0.5"
    run-parallel "^1.1.9"

"@nodelib/fs.stat@2.0.5", "@nodelib/fs.stat@^2.0.2":
  version "2.0.5"
  resolved "https://registry.npmjs.org/@nodelib/fs.stat/-/fs.stat-2.0.5.tgz"
  integrity sha512-RkhPPp2zrqDAQA/2jNhnztcPAlv64XdhIp7a7454A5ovI7Bukxgt7MX7udwAu3zg1DcpPU0rz3VV1SeaqvY4+A==

"@nodelib/fs.walk@^1.2.3":
  version "1.2.8"
  resolved "https://registry.npmjs.org/@nodelib/fs.walk/-/fs.walk-1.2.8.tgz"
  integrity sha512-oGB+UxlgWcgQkgwo8GcEGwemoTFt3FIO9ababBmaGwXIoBKZ+GTy0pP185beGg7Llih/NSHSV2XAs1lnznocSg==
  dependencies:
    "@nodelib/fs.scandir" "2.1.5"
    fastq "^1.6.0"

"@oxc-resolver/binding-android-arm-eabi@11.13.2":
  version "11.13.2"
  resolved "https://registry.npmjs.org/@oxc-resolver/binding-android-arm-eabi/-/binding-android-arm-eabi-11.13.2.tgz#e309a5652787f25d65a7771c2f7608f8e4271d94"
  integrity sha512-vWd1NEaclg/t2DtEmYzRRBNQOueMI8tixw/fSNZ9XETXLRJiAjQMYpYeflQdRASloGze6ZelHE/wIBNt4S+pkw==

"@oxc-resolver/binding-android-arm64@11.13.2":
  version "11.13.2"
  resolved "https://registry.npmjs.org/@oxc-resolver/binding-android-arm64/-/binding-android-arm64-11.13.2.tgz#bb1267f5c388462758be394d56dcc6ee62d0e39e"
  integrity sha512-jxZrYcxgpI6IuQpguQVAQNrZfUyiYfMVqR4pKVU3PRLCM7AsfXNKp0TIgcvp+l6dYVdoZ1MMMMa5Ayjd09rNOw==

"@oxc-resolver/binding-darwin-arm64@11.13.2":
  version "11.13.2"
  resolved "https://registry.npmjs.org/@oxc-resolver/binding-darwin-arm64/-/binding-darwin-arm64-11.13.2.tgz#a2213156b6df07ace1c74faf95b7aa2cbeebe86f"
  integrity sha512-RDS3HUe1FvgjNS1xfBUqiEJ8938Zb5r7iKABwxEblp3K4ufZZNAtoaHjdUH2TJ0THDmuf0OxxVUO/Y+4Ep4QfQ==

"@oxc-resolver/binding-darwin-x64@11.13.2":
  version "11.13.2"
  resolved "https://registry.npmjs.org/@oxc-resolver/binding-darwin-x64/-/binding-darwin-x64-11.13.2.tgz#bc28f62c5213633c21a513060289095bb48930da"
  integrity sha512-tDcyWtkUzkt6auJLP2dOjL84BxqHkKW4mz2lNRIGPTq7b+HBraB+m8RdRH6BgqTvbnNECOxR3XAMaKBKC8J51g==

"@oxc-resolver/binding-freebsd-x64@11.13.2":
  version "11.13.2"
  resolved "https://registry.npmjs.org/@oxc-resolver/binding-freebsd-x64/-/binding-freebsd-x64-11.13.2.tgz#0800091260eda93e117dcde3843a480d2fa0f569"
  integrity sha512-fpaeN8Q0kWvKns9uSMg6CcKo7cdgmWt6J91stPf8sdM+EKXzZ0YcRnWWyWF8SM16QcLUPCy5Iwt5Z8aYBGaZYA==

"@oxc-resolver/binding-linux-arm-gnueabihf@11.13.2":
  version "11.13.2"
  resolved "https://registry.npmjs.org/@oxc-resolver/binding-linux-arm-gnueabihf/-/binding-linux-arm-gnueabihf-11.13.2.tgz#7940c598e1ad29056d2046bd2843714d9b3e254b"
  integrity sha512-idBgJU5AvSsGOeaIWiFBKbNBjpuduHsJmrG4CBbEUNW/Ykx+ISzcuj1PHayiYX6R9stVsRhj3d2PyymfC5KWRg==

"@oxc-resolver/binding-linux-arm-musleabihf@11.13.2":
  version "11.13.2"
  resolved "https://registry.npmjs.org/@oxc-resolver/binding-linux-arm-musleabihf/-/binding-linux-arm-musleabihf-11.13.2.tgz#05877080ab043caf49db4c3e72e4d1c4ea3e8552"
  integrity sha512-BlBvQUhvvIM/7s96KlKhMk0duR2sj8T7Hyii46/5QnwfN/pHwobvOL5czZ6/SKrHNB/F/qDY4hGsBuB1y7xgTg==

"@oxc-resolver/binding-linux-arm64-gnu@11.13.2":
  version "11.13.2"
  resolved "https://registry.npmjs.org/@oxc-resolver/binding-linux-arm64-gnu/-/binding-linux-arm64-gnu-11.13.2.tgz#4af0671f403df7ec09c96989982ce6adcc111c1e"
  integrity sha512-lUmDTmYOGpbIK+FBfZ0ySaQTo7g1Ia/WnDnQR2wi/0AtehZIg/ZZIgiT/fD0iRvKEKma612/0PVo8dXdAKaAGA==

"@oxc-resolver/binding-linux-arm64-musl@11.13.2":
  version "11.13.2"
  resolved "https://registry.npmjs.org/@oxc-resolver/binding-linux-arm64-musl/-/binding-linux-arm64-musl-11.13.2.tgz#da4888231605f3f6c587d97baef71d929356ad49"
  integrity sha512-dkGzOxo+I9lA4Er6qzFgkFevl3JvwyI9i0T/PkOJHva04rb1p9dz8GPogTO9uMK4lrwLWzm/piAu+tHYC7v7+w==

"@oxc-resolver/binding-linux-ppc64-gnu@11.13.2":
  version "11.13.2"
  resolved "https://registry.npmjs.org/@oxc-resolver/binding-linux-ppc64-gnu/-/binding-linux-ppc64-gnu-11.13.2.tgz#357acf5020c5fe2175ab351e843c1fb0b81afb11"
  integrity sha512-53kWsjLkVFnoSA7COdps38pBssN48zI8LfsOvupsmQ0/4VeMYb+0Ao9O6r52PtmFZsGB3S1Qjqbjl/Pswj1a3g==

"@oxc-resolver/binding-linux-riscv64-gnu@11.13.2":
  version "11.13.2"
  resolved "https://registry.npmjs.org/@oxc-resolver/binding-linux-riscv64-gnu/-/binding-linux-riscv64-gnu-11.13.2.tgz#52011bfcc931b2cf4fb744fa5253569b72141dad"
  integrity sha512-MfxN6DMpvmdCbGlheJ+ihy11oTcipqDfcEIQV9ah3FGXBRCZtBOHJpQDk8qI2Y+nCXVr3Nln7OSsOzoC4+rSYQ==

"@oxc-resolver/binding-linux-riscv64-musl@11.13.2":
  version "11.13.2"
  resolved "https://registry.npmjs.org/@oxc-resolver/binding-linux-riscv64-musl/-/binding-linux-riscv64-musl-11.13.2.tgz#203eeaddb4149d36c48c132f53175963b10be151"
  integrity sha512-WXrm4YiRU0ijqb72WHSjmfYaQZ7t6/kkQrFc4JtU+pUE4DZA/DEdxOuQEd4Q43VqmLvICTJWSaZMlCGQ4PSRUg==

"@oxc-resolver/binding-linux-s390x-gnu@11.13.2":
  version "11.13.2"
  resolved "https://registry.npmjs.org/@oxc-resolver/binding-linux-s390x-gnu/-/binding-linux-s390x-gnu-11.13.2.tgz#75e2473e961f17e509d975e2a4c85d9f21b64461"
  integrity sha512-4pISWIlOFRUhWyvGCB3XUhtcwyvwGGhlXhHz7IXCXuGufaQtvR05trvw8U1ZnaPhsdPBkRhOMIedX11ayi5uXw==

"@oxc-resolver/binding-linux-x64-gnu@11.13.2":
  version "11.13.2"
  resolved "https://registry.npmjs.org/@oxc-resolver/binding-linux-x64-gnu/-/binding-linux-x64-gnu-11.13.2.tgz"
  integrity sha512-DVo6jS8n73yNAmCsUOOk2vBeC60j2RauDXQM8p7RDl0afsEaA2le22vD8tky7iNoM5tsxfBmE4sOJXEKgpwWRw==

"@oxc-resolver/binding-linux-x64-musl@11.13.2":
  version "11.13.2"
  resolved "https://registry.npmjs.org/@oxc-resolver/binding-linux-x64-musl/-/binding-linux-x64-musl-11.13.2.tgz#ff801da3ff949efc6e486d53225c5ca562ffc947"
  integrity sha512-6WqrE+hQBFP35KdwQjWcZpldbTq6yJmuTVThISu+rY3+j6MaDp2ciLHTr1X68r2H/7ocOIl4k3NnOVIzeRJE3w==

"@oxc-resolver/binding-wasm32-wasi@11.13.2":
  version "11.13.2"
  resolved "https://registry.npmjs.org/@oxc-resolver/binding-wasm32-wasi/-/binding-wasm32-wasi-11.13.2.tgz#c5b2f0a821899a46ff1eac0b66911028070eb3c4"
  integrity sha512-YpxvQmP2D+mNUkLQZbBjGz20g/pY8XoOBdPPoWMl9X68liFFjXxkPQTrZxWw4zzG/UkTM5z6dPRTyTePRsMcjw==
  dependencies:
    "@napi-rs/wasm-runtime" "^1.0.7"

"@oxc-resolver/binding-win32-arm64-msvc@11.13.2":
  version "11.13.2"
  resolved "https://registry.npmjs.org/@oxc-resolver/binding-win32-arm64-msvc/-/binding-win32-arm64-msvc-11.13.2.tgz#20ff151cca5b7b87f9070b6019c1ebd121672249"
  integrity sha512-1SKBw6KcCmvPBdEw1/Qdpv6eSDf23lCXTWz9VxTe6QUQ/1wR+HZR2uS4q6C8W6jnIswMTQbxpTvVwdRXl+ufeA==

"@oxc-resolver/binding-win32-ia32-msvc@11.13.2":
  version "11.13.2"
  resolved "https://registry.npmjs.org/@oxc-resolver/binding-win32-ia32-msvc/-/binding-win32-ia32-msvc-11.13.2.tgz#96788e52bd32f317b35f4d4a1c87d1e86e3509f7"
  integrity sha512-KEVV7wggDucxRn3vvyHnmTCPXoCT7vWpH18UVLTygibHJvNRP2zl5lBaQcCIdIaYYZjKt1aGI/yZqxZvHoiCdg==

"@oxc-resolver/binding-win32-x64-msvc@11.13.2":
  version "11.13.2"
  resolved "https://registry.npmjs.org/@oxc-resolver/binding-win32-x64-msvc/-/binding-win32-x64-msvc-11.13.2.tgz#14fa5ce6d8065d6b5c5ab31155f9f8ebc188b0f5"
  integrity sha512-6AAdN9v/wO5c3td1yidgNLKYlzuNgfOtEqBq60WE469bJWR7gHgG/S5aLR2pH6/gyPLs9UXtItxi934D+0Estg==

"@rsbuild/core@~1.6.6":
  version "1.6.6"
  resolved "https://registry.npmjs.org/@rsbuild/core/-/core-1.6.6.tgz#a2a277d33b648a5f055dc629afc12c0183b8e4b7"
  integrity sha512-QE1MvRFKDeeQUAwZrCPhEHgvy/XieYQj0aPho1SkkL/M4ruonp/p8ymhUJZE5wFQxIhBHaOvE2gwKnME0XQgKg==
  dependencies:
    "@rspack/core" "1.6.3"
    "@rspack/lite-tapable" "~1.1.0"
    "@swc/helpers" "^0.5.17"
    core-js "~3.46.0"
    jiti "^2.6.1"

"@rslib/core@^0.18.0":
  version "0.18.0"
  resolved "https://registry.npmjs.org/@rslib/core/-/core-0.18.0.tgz#dd87b9b15dce6add4323783cf8a7bf23bf33dc1a"
  integrity sha512-ZLonxKnef5Hx4zZj2ZckicVnM0KwTP9x8XcNnZBuXo82maXVmSSERtvMrB7aufxlFjqEThOHG6RNuLZToM1eFQ==
  dependencies:
    "@rsbuild/core" "~1.6.6"
    rsbuild-plugin-dts "0.18.0"

"@rspack/binding-darwin-arm64@1.6.3":
  version "1.6.3"
  resolved "https://registry.npmjs.org/@rspack/binding-darwin-arm64/-/binding-darwin-arm64-1.6.3.tgz#b7b342935a87cab9ff1716da20b7766c71622472"
  integrity sha512-GxjrB5RhxlEoX3uoWtzNPcINPOn6hzqhn00Y164gofwQ6KgvtEJU7DeYXgCq4TQDD1aQbF/lsV1wpzb2LMkQdg==

"@rspack/binding-darwin-x64@1.6.3":
  version "1.6.3"
  resolved "https://registry.npmjs.org/@rspack/binding-darwin-x64/-/binding-darwin-x64-1.6.3.tgz#61dc8ed8eec8e76a9c01c9d31041be19e8b89af3"
  integrity sha512-X6TEPwc+FeApTgnzBefc/viuUP7LkqTY1GxltRYuabs8E7bExlmYoyB8KhIlC66NWtgjmcNWvZIkUlr9ZalBkQ==

"@rspack/binding-linux-arm64-gnu@1.6.3":
  version "1.6.3"
  resolved "https://registry.npmjs.org/@rspack/binding-linux-arm64-gnu/-/binding-linux-arm64-gnu-1.6.3.tgz#e0a5a84988c3bde8d8e57698ef0b98140f850263"
  integrity sha512-uid2GjLzRnYNzNuTTS/hUZdYO6bNATWfaeuhGBU8RWrRgB+clJwhZskSwhfVrvmyTXYbHI95CJIPt4TbZ1FRTg==

"@rspack/binding-linux-arm64-musl@1.6.3":
  version "1.6.3"
  resolved "https://registry.npmjs.org/@rspack/binding-linux-arm64-musl/-/binding-linux-arm64-musl-1.6.3.tgz#a77095a31f3fe898b20e97b5ca8e94f2569d935b"
  integrity sha512-ZJqqyEARBAnv9Gj3+0/PGIw87r8Vg0ZEKiRT9u5tPKK01dptF+xGv4xywAlahOeFUik4Dni5aHixbarStzN9Cw==

"@rspack/binding-linux-x64-gnu@1.6.3":
  version "1.6.3"
  resolved "https://registry.npmjs.org/@rspack/binding-linux-x64-gnu/-/binding-linux-x64-gnu-1.6.3.tgz#fe779d69754ec5e48c144035e03dc2cfb5524b23"
  integrity sha512-/W8/X3CBGVY7plii5eUzyIEyCKiYx1lqrSVuD1HLlVHvzC4H2Kpk0EwvY2gUhnQRLU0Ym77Sh4PRd1ZOOzP4LQ==

"@rspack/binding-linux-x64-musl@1.6.3":
  version "1.6.3"
  resolved "https://registry.npmjs.org/@rspack/binding-linux-x64-musl/-/binding-linux-x64-musl-1.6.3.tgz#6b6cc621e1b3a552afa8dfe2389aa25eac522a2d"
  integrity sha512-h0Q3aM0fkRCd330DfRGZ9O3nk/rfRyXRX4dEIoLcLAq34VOmp3HZUP7rEy7feiJbuU4Atcvd0MD7U6RLwa1umQ==

"@rspack/binding-wasm32-wasi@1.6.3":
  version "1.6.3"
  resolved "https://registry.npmjs.org/@rspack/binding-wasm32-wasi/-/binding-wasm32-wasi-1.6.3.tgz#0d897dccdc54b6484c289f36ff99246742e29008"
  integrity sha512-XLCDe+b52kAajlHutsyfh9o+uKQvgis+rLFb3XIJ9FfCcL8opTWVyeGLNHBUBn7cGPXGEYWd0EU9CZJrjV+iVw==
  dependencies:
    "@napi-rs/wasm-runtime" "1.0.7"

"@rspack/binding-win32-arm64-msvc@1.6.3":
  version "1.6.3"
  resolved "https://registry.npmjs.org/@rspack/binding-win32-arm64-msvc/-/binding-win32-arm64-msvc-1.6.3.tgz#125f0272850ce3f7af4935b58711f9a031b9658d"
  integrity sha512-BU3VjyzAf8noYqb7NPuUZu9VVHRH2b+x4Q5A2oqQwEq4JzW/Mrhcd//vnRpSE9HHuezxTpQTtSSsB/YqV7BkDg==

"@rspack/binding-win32-ia32-msvc@1.6.3":
  version "1.6.3"
  resolved "https://registry.npmjs.org/@rspack/binding-win32-ia32-msvc/-/binding-win32-ia32-msvc-1.6.3.tgz#71546543f80156ddbaf6cec495489b267bbcfb98"
  integrity sha512-W2yHUFra9N8QbBKQC6PcyOwOJbj8qrmechK97XVQAwo0GWGnQKMphivJrbxHOxCz89FGn9kLGRakTH04bHT4MQ==

"@rspack/binding-win32-x64-msvc@1.6.3":
  version "1.6.3"
  resolved "https://registry.npmjs.org/@rspack/binding-win32-x64-msvc/-/binding-win32-x64-msvc-1.6.3.tgz#101c7b1cd670f956e0faeb059b4f273c5b1d70bb"
  integrity sha512-mxep+BqhySoWweQSXnUaYAHx+C8IzOTNMJYuAVchXn9bMG6SPAXvZqAF8X/Q+kNg8X7won8Sjz+O+OUw3OTyOQ==

"@rspack/binding@1.6.3":
  version "1.6.3"
  resolved "https://registry.npmjs.org/@rspack/binding/-/binding-1.6.3.tgz#1f02b0320030041e9ea1af974a572f6770902d67"
  integrity sha512-liRgxMjHWDL225c41pH4ZcFtPN48LM0+St3iylwavF5JFSqBv86R/Cv5+M+WLrhcihCQsxDwBofipyosJIFmmA==
  optionalDependencies:
    "@rspack/binding-darwin-arm64" "1.6.3"
    "@rspack/binding-darwin-x64" "1.6.3"
    "@rspack/binding-linux-arm64-gnu" "1.6.3"
    "@rspack/binding-linux-arm64-musl" "1.6.3"
    "@rspack/binding-linux-x64-gnu" "1.6.3"
    "@rspack/binding-linux-x64-musl" "1.6.3"
    "@rspack/binding-wasm32-wasi" "1.6.3"
    "@rspack/binding-win32-arm64-msvc" "1.6.3"
    "@rspack/binding-win32-ia32-msvc" "1.6.3"
    "@rspack/binding-win32-x64-msvc" "1.6.3"

"@rspack/core@1.6.3":
  version "1.6.3"
  resolved "https://registry.npmjs.org/@rspack/core/-/core-1.6.3.tgz#9ed170e72e821afb11cf82ff41b24e43a5de1916"
  integrity sha512-03pyxRtpZ9SNwuA4XHLcFG/jmmWqSd4NaXQGrwOHU0UoPKpVPTqkxtQYZLCfeNtDfAA9v2KPqgJ3b40x8nJGeA==
  dependencies:
    "@module-federation/runtime-tools" "0.21.4"
    "@rspack/binding" "1.6.3"
    "@rspack/lite-tapable" "1.1.0"

"@rspack/lite-tapable@1.1.0", "@rspack/lite-tapable@~1.1.0":
  version "1.1.0"
  resolved "https://registry.npmjs.org/@rspack/lite-tapable/-/lite-tapable-1.1.0.tgz#3cfdafeed01078e116bd4f191b684c8b484de425"
  integrity sha512-E2B0JhYFmVAwdDiG14+DW0Di4Ze4Jg10Pc4/lILUrd5DRCaklduz2OvJ5HYQ6G+hd+WTzqQb3QnDNfK4yvAFYw==

"@swc/helpers@^0.5.17":
  version "0.5.17"
  resolved "https://registry.npmjs.org/@swc/helpers/-/helpers-0.5.17.tgz"
  integrity sha512-5IKx/Y13RsYd+sauPb2x+U/xZikHjolzfuDgTAl/Tdf3Q8rslRvC19NKDLgAJQ6wsqADk10ntlv08nPFw/gO/A==
  dependencies:
    tslib "^2.8.0"

"@tybys/wasm-util@^0.10.1":
  version "0.10.1"
  resolved "https://registry.npmjs.org/@tybys/wasm-util/-/wasm-util-0.10.1.tgz#ecddd3205cf1e2d5274649ff0eedd2991ed7f414"
  integrity sha512-9tTaPJLSiejZKx+Bmog4uSubteqTvFrVrURwkmHixBo0G4seD0zUxp98E1DzUBJxLQ3NPwXrGKDiVjwx/DpPsg==
  dependencies:
    tslib "^2.4.0"

"@types/node@^22.14.1":
  version "22.19.1"
  resolved "https://registry.npmjs.org/@types/node/-/node-22.19.1.tgz"
  integrity sha512-LCCV0HdSZZZb34qifBsyWlUmok6W7ouER+oQIGBScS8EsZsQbrtFTUrDX4hOl+CS6p7cnNC4td+qrSVGSCTUfQ==
  dependencies:
    undici-types "~6.21.0"

argparse@^2.0.1:
  version "2.0.1"
  resolved "https://registry.npmjs.org/argparse/-/argparse-2.0.1.tgz"
  integrity sha512-8+9WqebbFzpX9OR+Wa6O29asIogeRMzcGtAINdpMHHyAg10f05aSFVBbcEqGf/PXw1EjAZ+q2/bEBg3DvurK3Q==

braces@^3.0.3:
  version "3.0.3"
  resolved "https://registry.npmjs.org/braces/-/braces-3.0.3.tgz"
  integrity sha512-yQbXgO/OSZVD2IsiLlro+7Hf6Q18EJrKSEsdoMzKePKXct3gvD8oLcOQdIzGupr5Fj+EDe8gO/lxc1BzfMpxvA==
  dependencies:
    fill-range "^7.1.1"

core-js@~3.46.0:
  version "3.46.0"
  resolved "https://registry.npmjs.org/core-js/-/core-js-3.46.0.tgz#323a092b96381a9184d0cd49ee9083b2f93373bb"
  integrity sha512-vDMm9B0xnqqZ8uSBpZ8sNtRtOdmfShrvT6h2TuQGLs0Is+cR0DYbj/KWP6ALVNbWPpqA/qPLoOuppJN07humpA==

fast-glob@^3.3.3:
  version "3.3.3"
  resolved "https://registry.npmjs.org/fast-glob/-/fast-glob-3.3.3.tgz"
  integrity sha512-7MptL8U0cqcFdzIzwOTHoilX9x5BrNqye7Z/LuC7kCMRio1EMSyqRK3BEAUD7sXRq4iT4AzTVuZdhgQ2TCvYLg==
  dependencies:
    "@nodelib/fs.stat" "^2.0.2"
    "@nodelib/fs.walk" "^1.2.3"
    glob-parent "^5.1.2"
    merge2 "^1.3.0"
    micromatch "^4.0.8"

fastq@^1.6.0:
  version "1.19.1"
  resolved "https://registry.npmjs.org/fastq/-/fastq-1.19.1.tgz"
  integrity sha512-GwLTyxkCXjXbxqIhTsMI2Nui8huMPtnxg7krajPJAjnEG/iiOS7i+zCtWGZR9G0NBKbXKh6X9m9UIsYX/N6vvQ==
  dependencies:
    reusify "^1.0.4"

fd-package-json@^2.0.0:
  version "2.0.0"
  resolved "https://registry.npmjs.org/fd-package-json/-/fd-package-json-2.0.0.tgz"
  integrity sha512-jKmm9YtsNXN789RS/0mSzOC1NUq9mkVd65vbSSVsKdjGvYXBuE4oWe2QOEoFeRmJg+lPuZxpmrfFclNhoRMneQ==
  dependencies:
    walk-up-path "^4.0.0"

fill-range@^7.1.1:
  version "7.1.1"
  resolved "https://registry.npmjs.org/fill-range/-/fill-range-7.1.1.tgz"
  integrity sha512-YsGpe3WHLK8ZYi4tWDg2Jy3ebRz2rXowDxnld4bkQB00cc/1Zw9AWnC0i9ztDJitivtQvaI9KaLyKrc+hBW0yg==
  dependencies:
    to-regex-range "^5.0.1"

formatly@^0.3.0:
  version "0.3.0"
  resolved "https://registry.npmjs.org/formatly/-/formatly-0.3.0.tgz"
  integrity sha512-9XNj/o4wrRFyhSMJOvsuyMwy8aUfBaZ1VrqHVfohyXf0Sw0e+yfKG+xZaY3arGCOMdwFsqObtzVOc1gU9KiT9w==
  dependencies:
    fd-package-json "^2.0.0"

glob-parent@^5.1.2:
  version "5.1.2"
  resolved "https://registry.npmjs.org/glob-parent/-/glob-parent-5.1.2.tgz"
  integrity sha512-AOIgSQCepiJYwP3ARnGx+5VnTu2HBYdzbGP45eLw1vr3zB3vZLeyed1sC9hnbcOc9/SrMyM5RPQrkGz4aS9Zow==
  dependencies:
    is-glob "^4.0.1"

is-extglob@^2.1.1:
  version "2.1.1"
  resolved "https://registry.npmjs.org/is-extglob/-/is-extglob-2.1.1.tgz"
  integrity sha512-SbKbANkN603Vi4jEZv49LeVJMn4yGwsbzZworEoyEiutsN3nJYdbO36zfhGJ6QEDpOZIFkDtnq5JRxmvl3jsoQ==

is-glob@^4.0.1:
  version "4.0.3"
  resolved "https://registry.npmjs.org/is-glob/-/is-glob-4.0.3.tgz"
  integrity sha512-xelSayHH36ZgE7ZWhli7pW34hNbNl8Ojv5KVmkJD4hBdD3th8Tfk9vYasLM+mXWOZhFkgZfxhLSnrwRr4elSSg==
  dependencies:
    is-extglob "^2.1.1"

is-number@^7.0.0:
  version "7.0.0"
  resolved "https://registry.npmjs.org/is-number/-/is-number-7.0.0.tgz"
  integrity sha512-41Cifkg6e8TylSpdtTpeLVMqvSBEVzTttHvERD741+pnZ8ANv0004MRL43QKPDlK9cGvNp6NZWZUBlbGXYxxng==

jiti@^2.6.0, jiti@^2.6.1:
  version "2.6.1"
  resolved "https://registry.npmjs.org/jiti/-/jiti-2.6.1.tgz"
  integrity sha512-ekilCSN1jwRvIbgeg/57YFh8qQDNbwDb9xT/qu2DAHbFFZUicIl4ygVaAvzveMhMVr3LnpSKTNnwt8PoOfmKhQ==

js-yaml@^4.1.0:
  version "4.1.1"
  resolved "https://registry.npmjs.org/js-yaml/-/js-yaml-4.1.1.tgz"
  integrity sha512-qQKT4zQxXl8lLwBtHMWwaTcGfFOZviOJet3Oy/xmGk2gZH677CJM9EvtfdSkgWcATZhj/55JZ0rmy3myCT5lsA==
  dependencies:
    argparse "^2.0.1"

knip@^5.53.0:
  version "5.69.1"
  resolved "https://registry.npmjs.org/knip/-/knip-5.69.1.tgz"
  integrity sha512-duK61dmrk9O3RiPQtDrsWGzxGyNoyf9gQyjXPcvmcecZypdv9x0ixzPdBU4YTPRbwvUaRtNGulHYUyixz2fbKg==
  dependencies:
    "@nodelib/fs.walk" "^1.2.3"
    fast-glob "^3.3.3"
    formatly "^0.3.0"
    jiti "^2.6.0"
    js-yaml "^4.1.0"
    minimist "^1.2.8"
    oxc-resolver "^11.12.0"
    picocolors "^1.1.1"
    picomatch "^4.0.1"
    smol-toml "^1.4.1"
    strip-json-comments "5.0.2"
    zod "^4.1.11"

merge2@^1.3.0:
  version "1.4.1"
  resolved "https://registry.npmjs.org/merge2/-/merge2-1.4.1.tgz"
  integrity sha512-8q7VEgMJW4J8tcfVPy8g09NcQwZdbwFEqhe/WZkoIzjn/3TGDwtOCYtXGxA3O8tPzpczCCDgv+P2P5y00ZJOOg==

micromatch@^4.0.8:
  version "4.0.8"
  resolved "https://registry.npmjs.org/micromatch/-/micromatch-4.0.8.tgz"
  integrity sha512-PXwfBhYu0hBCPw8Dn0E+WDYb7af3dSLVWKi3HGv84IdF4TyFoC0ysxFd0Goxw7nSv4T/PzEJQxsYsEiFCKo2BA==
  dependencies:
    braces "^3.0.3"
    picomatch "^2.3.1"

minimist@^1.2.8:
  version "1.2.8"
  resolved "https://registry.npmjs.org/minimist/-/minimist-1.2.8.tgz"
  integrity sha512-2yyAR8qBkN3YuheJanUpWC5U3bb5osDywNB8RzDVlDwDHbocAJveqqj1u8+SVD7jkWT4yvsHCpWqqWqAxb0zCA==

oxc-resolver@^11.12.0:
  version "11.13.2"
  resolved "https://registry.npmjs.org/oxc-resolver/-/oxc-resolver-11.13.2.tgz"
  integrity sha512-1SXVyYQ9bqMX3uZo8Px81EG7jhZkO9PvvR5X9roY5TLYVm4ZA7pbPDNlYaDBBeF9U+YO3OeMNoHde52hrcCu8w==
  optionalDependencies:
    "@oxc-resolver/binding-android-arm-eabi" "11.13.2"
    "@oxc-resolver/binding-android-arm64" "11.13.2"
    "@oxc-resolver/binding-darwin-arm64" "11.13.2"
    "@oxc-resolver/binding-darwin-x64" "11.13.2"
    "@oxc-resolver/binding-freebsd-x64" "11.13.2"
    "@oxc-resolver/binding-linux-arm-gnueabihf" "11.13.2"
    "@oxc-resolver/binding-linux-arm-musleabihf" "11.13.2"
    "@oxc-resolver/binding-linux-arm64-gnu" "11.13.2"
    "@oxc-resolver/binding-linux-arm64-musl" "11.13.2"
    "@oxc-resolver/binding-linux-ppc64-gnu" "11.13.2"
    "@oxc-resolver/binding-linux-riscv64-gnu" "11.13.2"
    "@oxc-resolver/binding-linux-riscv64-musl" "11.13.2"
    "@oxc-resolver/binding-linux-s390x-gnu" "11.13.2"
    "@oxc-resolver/binding-linux-x64-gnu" "11.13.2"
    "@oxc-resolver/binding-linux-x64-musl" "11.13.2"
    "@oxc-resolver/binding-wasm32-wasi" "11.13.2"
    "@oxc-resolver/binding-win32-arm64-msvc" "11.13.2"
    "@oxc-resolver/binding-win32-ia32-msvc" "11.13.2"
    "@oxc-resolver/binding-win32-x64-msvc" "11.13.2"

picocolors@^1.1.1:
  version "1.1.1"
  resolved "https://registry.npmjs.org/picocolors/-/picocolors-1.1.1.tgz"
  integrity sha512-xceH2snhtb5M9liqDsmEw56le376mTZkEX/jEb/RxNFyegNul7eNslCXP9FDj/Lcu0X8KEyMceP2ntpaHrDEVA==

picomatch@^2.3.1:
  version "2.3.1"
  resolved "https://registry.npmjs.org/picomatch/-/picomatch-2.3.1.tgz"
  integrity sha512-JU3teHTNjmE2VCGFzuY8EXzCDVwEqB2a8fsIvwaStHhAWJEeVd1o1QD80CU6+ZdEXXSLbSsuLwJjkCBWqRQUVA==

picomatch@^4.0.1:
  version "4.0.3"
  resolved "https://registry.npmjs.org/picomatch/-/picomatch-4.0.3.tgz"
  integrity sha512-5gTmgEY/sqK6gFXLIsQNH19lWb4ebPDLA4SdLP7dsWkIXHWlG66oPuVvXSGFPppYZz8ZDZq0dYYrbHfBCVUb1Q==

queue-microtask@^1.2.2:
  version "1.2.3"
  resolved "https://registry.npmjs.org/queue-microtask/-/queue-microtask-1.2.3.tgz"
  integrity sha512-NuaNSa6flKT5JaSYQzJok04JzTL1CA6aGhv5rfLW3PgqA+M2ChpZQnAC8h8i4ZFkBS8X5RqkDBHA7r4hej3K9A==

reusify@^1.0.4:
  version "1.1.0"
  resolved "https://registry.npmjs.org/reusify/-/reusify-1.1.0.tgz"
  integrity sha512-g6QUff04oZpHs0eG5p83rFLhHeV00ug/Yf9nZM6fLeUrPguBTkTQOdpAWWspMh55TZfVQDPaN3NQJfbVRAxdIw==

rsbuild-plugin-dts@0.18.0:
  version "0.18.0"
  resolved "https://registry.npmjs.org/rsbuild-plugin-dts/-/rsbuild-plugin-dts-0.18.0.tgz#213a805b7bd7d0555a086d30878535ebee4f1fad"
  integrity sha512-GzzcnYDoILabBddQH5wMQK93peZbHXnoF9wtFz0INRotAS2xIwBb1rIeFRpfn/fgXfSlFu4C8QbqD6U8PgXzJA==
  dependencies:
    "@ast-grep/napi" "0.37.0"

run-parallel@^1.1.9:
  version "1.2.0"
  resolved "https://registry.npmjs.org/run-parallel/-/run-parallel-1.2.0.tgz"
  integrity sha512-5l4VyZR86LZ/lDxZTR6jqL8AFE2S0IFLMP26AbjsLVADxHdhB/c0GUsH+y39UfCi3dzz8OlQuPmnaJOMoDHQBA==
  dependencies:
    queue-microtask "^1.2.2"

smol-toml@^1.4.1:
  version "1.5.2"
  resolved "https://registry.npmjs.org/smol-toml/-/smol-toml-1.5.2.tgz"
  integrity sha512-QlaZEqcAH3/RtNyet1IPIYPsEWAaYyXXv1Krsi+1L/QHppjX4Ifm8MQsBISz9vE8cHicIq3clogsheili5vhaQ==

strip-json-comments@5.0.2:
  version "5.0.2"
  resolved "https://registry.npmjs.org/strip-json-comments/-/strip-json-comments-5.0.2.tgz"
  integrity sha512-4X2FR3UwhNUE9G49aIsJW5hRRR3GXGTBTZRMfv568O60ojM8HcWjV/VxAxCDW3SUND33O6ZY66ZuRcdkj73q2g==

to-regex-range@^5.0.1:
  version "5.0.1"
  resolved "https://registry.npmjs.org/to-regex-range/-/to-regex-range-5.0.1.tgz"
  integrity sha512-65P7iz6X5yEr1cwcgvQxbbIw7Uk3gOy5dIdtZ4rDveLqhrdJP+Li/Hx6tyK0NEb+2GCyneCMJiGqrADCSNk8sQ==
  dependencies:
    is-number "^7.0.0"

tslib@^2.4.0, tslib@^2.8.0:
  version "2.8.1"
  resolved "https://registry.npmjs.org/tslib/-/tslib-2.8.1.tgz#612efe4ed235d567e8aba5f2a5fab70280ade83f"
  integrity sha512-oJFu94HQb+KVduSUQL7wnpmqnfmLsOA/nAh6b6EH0wCEoK0/mPeXU6c3wKDV83MkOuHPRHtSXKKU99IBazS/2w==

typescript@^5.9.3:
  version "5.9.3"
  resolved "https://registry.npmjs.org/typescript/-/typescript-5.9.3.tgz"
  integrity sha512-jl1vZzPDinLr9eUt3J/t7V6FgNEw9QjvBPdysz9KfQDD41fQrC2Y4vKQdiaUpFT4bXlb1RHhLpp8wtm6M5TgSw==

undici-types@~6.21.0:
  version "6.21.0"
  resolved "https://registry.npmjs.org/undici-types/-/undici-types-6.21.0.tgz"
  integrity sha512-iwDZqg0QAGrg9Rav5H4n0M64c3mkR59cJ6wQp+7C4nI0gsmExaedaYLNO44eT4AtBBwjbTiGPMlt2Md0T9H9JQ==

walk-up-path@^4.0.0:
  version "4.0.0"
  resolved "https://registry.npmjs.org/walk-up-path/-/walk-up-path-4.0.0.tgz"
  integrity sha512-3hu+tD8YzSLGuFYtPRb48vdhKMi0KQV5sn+uWr8+7dMEq/2G/dtLrdDinkLjqq5TIbIBjYJ4Ax/n3YiaW7QM8A==

zod@^4.1.11:
  version "4.1.12"
  resolved "https://registry.npmjs.org/zod/-/zod-4.1.12.tgz"
  integrity sha512-JInaHOamG8pt5+Ey8kGmdcAcg3OL9reK8ltczgHTAwNhMys/6ThXHityHxVV2p3fkw/c+MAvBHFVYHFZDmjMCQ==
